// !$*UTF8*$!
{
	archiveVersion = 1;
	classes = {
	};
	objectVersion = 46;
	objects = {

/* Begin PBXBuildFile section */
		3D07F1DA1A265FE300FFBD06 /* CircleMaskSegue.swift in Sources */ = {isa = PBXBuildFile; fileRef = 3D07F1D91A265FE300FFBD06 /* CircleMaskSegue.swift */; };
		3D1BB4F81A261E270027EB56 /* AppDelegate.swift in Sources */ = {isa = PBXBuildFile; fileRef = 3D1BB4F71A261E270027EB56 /* AppDelegate.swift */; };
		3D1BB4FA1A261E270027EB56 /* ViewController.swift in Sources */ = {isa = PBXBuildFile; fileRef = 3D1BB4F91A261E270027EB56 /* ViewController.swift */; };
		3D1BB4FD1A261E270027EB56 /* Main.storyboard in Resources */ = {isa = PBXBuildFile; fileRef = 3D1BB4FB1A261E270027EB56 /* Main.storyboard */; };
		3D1BB4FF1A261E270027EB56 /* Images.xcassets in Resources */ = {isa = PBXBuildFile; fileRef = 3D1BB4FE1A261E270027EB56 /* Images.xcassets */; };
		3D1BB5021A261E270027EB56 /* LaunchScreen.xib in Resources */ = {isa = PBXBuildFile; fileRef = 3D1BB5001A261E270027EB56 /* LaunchScreen.xib */; };
		3D1BB51E1A2639BE0027EB56 /* UIImage+ImageEffects.m in Sources */ = {isa = PBXBuildFile; fileRef = 3D1BB51D1A2639BE0027EB56 /* UIImage+ImageEffects.m */; };
		3D1BB5211A2639C80027EB56 /* ZoomInSegue.swift in Sources */ = {isa = PBXBuildFile; fileRef = 3D1BB5201A2639C80027EB56 /* ZoomInSegue.swift */; };
		3D1BB5261A263A060027EB56 /* Double+DispatchTime.swift in Sources */ = {isa = PBXBuildFile; fileRef = 3D1BB5251A263A060027EB56 /* Double+DispatchTime.swift */; };
		3D209B3C1A26429600AFFE29 /* ViewController2.swift in Sources */ = {isa = PBXBuildFile; fileRef = 3D209B3B1A26429600AFFE29 /* ViewController2.swift */; };
		3D67DE001A264138000D51BE /* ViewController3.swift in Sources */ = {isa = PBXBuildFile; fileRef = 3D67DDFF1A264138000D51BE /* ViewController3.swift */; };
		3D6ECCFC1A263DA700C9383F /* ZoomOutSegue.swift in Sources */ = {isa = PBXBuildFile; fileRef = 3D6ECCFB1A263DA700C9383F /* ZoomOutSegue.swift */; };
		3DADCFF21A2CD609001DE90C /* UIColor+Utils.swift in Sources */ = {isa = PBXBuildFile; fileRef = 3DADCFF11A2CD609001DE90C /* UIColor+Utils.swift */; };
/* End PBXBuildFile section */

/* Begin PBXFileReference section */
		3D07F1D91A265FE300FFBD06 /* CircleMaskSegue.swift */ = {isa = PBXFileReference; fileEncoding = 4; lastKnownFileType = sourcecode.swift; path = CircleMaskSegue.swift; sourceTree = "<group>"; };
		3D1BB4F21A261E270027EB56 /* CustomTransitions.app */ = {isa = PBXFileReference; explicitFileType = wrapper.application; includeInIndex = 0; path = CustomTransitions.app; sourceTree = BUILT_PRODUCTS_DIR; };
		3D1BB4F61A261E270027EB56 /* Info.plist */ = {isa = PBXFileReference; lastKnownFileType = text.plist.xml; path = Info.plist; sourceTree = "<group>"; };
		3D1BB4F71A261E270027EB56 /* AppDelegate.swift */ = {isa = PBXFileReference; lastKnownFileType = sourcecode.swift; path = AppDelegate.swift; sourceTree = "<group>"; };
		3D1BB4F91A261E270027EB56 /* ViewController.swift */ = {isa = PBXFileReference; lastKnownFileType = sourcecode.swift; path = ViewController.swift; sourceTree = "<group>"; };
		3D1BB4FC1A261E270027EB56 /* Base */ = {isa = PBXFileReference; lastKnownFileType = file.storyboard; name = Base; path = Base.lproj/Main.storyboard; sourceTree = "<group>"; };
		3D1BB4FE1A261E270027EB56 /* Images.xcassets */ = {isa = PBXFileReference; lastKnownFileType = folder.assetcatalog; path = Images.xcassets; sourceTree = "<group>"; };
		3D1BB5011A261E270027EB56 /* Base */ = {isa = PBXFileReference; lastKnownFileType = file.xib; name = Base; path = Base.lproj/LaunchScreen.xib; sourceTree = "<group>"; };
		3D1BB51C1A2639BE0027EB56 /* UIImage+ImageEffects.h */ = {isa = PBXFileReference; fileEncoding = 4; lastKnownFileType = sourcecode.c.h; path = "UIImage+ImageEffects.h"; sourceTree = "<group>"; };
		3D1BB51D1A2639BE0027EB56 /* UIImage+ImageEffects.m */ = {isa = PBXFileReference; fileEncoding = 4; lastKnownFileType = sourcecode.c.objc; path = "UIImage+ImageEffects.m"; sourceTree = "<group>"; };
		3D1BB5201A2639C80027EB56 /* ZoomInSegue.swift */ = {isa = PBXFileReference; fileEncoding = 4; lastKnownFileType = sourcecode.swift; path = ZoomInSegue.swift; sourceTree = "<group>"; };
		3D1BB5251A263A060027EB56 /* Double+DispatchTime.swift */ = {isa = PBXFileReference; fileEncoding = 4; lastKnownFileType = sourcecode.swift; path = "Double+DispatchTime.swift"; sourceTree = "<group>"; };
		3D1BB5271A263A960027EB56 /* CustomTransitions-Bridging-Header.h */ = {isa = PBXFileReference; lastKnownFileType = sourcecode.c.h; path = "CustomTransitions-Bridging-Header.h"; sourceTree = "<group>"; };
		3D209B3B1A26429600AFFE29 /* ViewController2.swift */ = {isa = PBXFileReference; fileEncoding = 4; lastKnownFileType = sourcecode.swift; path = ViewController2.swift; sourceTree = "<group>"; };
		3D67DDFF1A264138000D51BE /* ViewController3.swift */ = {isa = PBXFileReference; fileEncoding = 4; lastKnownFileType = sourcecode.swift; path = ViewController3.swift; sourceTree = "<group>"; };
		3D6ECCFB1A263DA700C9383F /* ZoomOutSegue.swift */ = {isa = PBXFileReference; fileEncoding = 4; lastKnownFileType = sourcecode.swift; path = ZoomOutSegue.swift; sourceTree = "<group>"; };
		3DADCFF11A2CD609001DE90C /* UIColor+Utils.swift */ = {isa = PBXFileReference; fileEncoding = 4; lastKnownFileType = sourcecode.swift; path = "UIColor+Utils.swift"; sourceTree = "<group>"; };
/* End PBXFileReference section */

/* Begin PBXFrameworksBuildPhase section */
		3D1BB4EF1A261E270027EB56 /* Frameworks */ = {
			isa = PBXFrameworksBuildPhase;
			buildActionMask = 2147483647;
			files = (
			);
			runOnlyForDeploymentPostprocessing = 0;
		};
/* End PBXFrameworksBuildPhase section */

/* Begin PBXGroup section */
		3D1BB4E91A261E270027EB56 = {
			isa = PBXGroup;
			children = (
				3D1BB4F41A261E270027EB56 /* CustomTransitions */,
				3D1BB4F31A261E270027EB56 /* Products */,
			);
			sourceTree = "<group>";
		};
		3D1BB4F31A261E270027EB56 /* Products */ = {
			isa = PBXGroup;
			children = (
				3D1BB4F21A261E270027EB56 /* CustomTransitions.app */,
			);
			name = Products;
			sourceTree = "<group>";
		};
		3D1BB4F41A261E270027EB56 /* CustomTransitions */ = {
			isa = PBXGroup;
			children = (
				3D1BB51F1A2639C80027EB56 /* Segues */,
				3D1BB51B1A2639BE0027EB56 /* Categories */,
				3D1BB4F71A261E270027EB56 /* AppDelegate.swift */,
				3D1BB4F91A261E270027EB56 /* ViewController.swift */,
				3D209B3B1A26429600AFFE29 /* ViewController2.swift */,
				3D67DDFF1A264138000D51BE /* ViewController3.swift */,
				3D1BB4FB1A261E270027EB56 /* Main.storyboard */,
				3D1BB4FE1A261E270027EB56 /* Images.xcassets */,
				3D1BB5001A261E270027EB56 /* LaunchScreen.xib */,
				3D1BB4F51A261E270027EB56 /* Supporting Files */,
			);
			path = CustomTransitions;
			sourceTree = "<group>";
		};
		3D1BB4F51A261E270027EB56 /* Supporting Files */ = {
			isa = PBXGroup;
			children = (
				3D1BB4F61A261E270027EB56 /* Info.plist */,
				3D1BB5271A263A960027EB56 /* CustomTransitions-Bridging-Header.h */,
			);
			name = "Supporting Files";
			sourceTree = "<group>";
		};
		3D1BB51B1A2639BE0027EB56 /* Categories */ = {
			isa = PBXGroup;
			children = (
				3D1BB5251A263A060027EB56 /* Double+DispatchTime.swift */,
				3DADCFF11A2CD609001DE90C /* UIColor+Utils.swift */,
				3D1BB51C1A2639BE0027EB56 /* UIImage+ImageEffects.h */,
				3D1BB51D1A2639BE0027EB56 /* UIImage+ImageEffects.m */,
			);
			path = Categories;
			sourceTree = "<group>";
		};
		3D1BB51F1A2639C80027EB56 /* Segues */ = {
			isa = PBXGroup;
			children = (
				3D1BB5201A2639C80027EB56 /* ZoomInSegue.swift */,
				3D6ECCFB1A263DA700C9383F /* ZoomOutSegue.swift */,
				3D07F1D91A265FE300FFBD06 /* CircleMaskSegue.swift */,
			);
			path = Segues;
			sourceTree = "<group>";
		};
/* End PBXGroup section */

/* Begin PBXNativeTarget section */
		3D1BB4F11A261E270027EB56 /* CustomTransitions */ = {
			isa = PBXNativeTarget;
			buildConfigurationList = 3D1BB5111A261E270027EB56 /* Build configuration list for PBXNativeTarget "CustomTransitions" */;
			buildPhases = (
				3D1BB4EE1A261E270027EB56 /* Sources */,
				3D1BB4EF1A261E270027EB56 /* Frameworks */,
				3D1BB4F01A261E270027EB56 /* Resources */,
			);
			buildRules = (
			);
			dependencies = (
			);
			name = CustomTransitions;
			productName = CustomTransitions;
			productReference = 3D1BB4F21A261E270027EB56 /* CustomTransitions.app */;
			productType = "com.apple.product-type.application";
		};
/* End PBXNativeTarget section */

/* Begin PBXProject section */
		3D1BB4EA1A261E270027EB56 /* Project object */ = {
			isa = PBXProject;
			attributes = {
				LastUpgradeCheck = 0610;
				ORGANIZATIONNAME = DLS;
				TargetAttributes = {
					3D1BB4F11A261E270027EB56 = {
						CreatedOnToolsVersion = 6.1.1;
					};
				};
			};
			buildConfigurationList = 3D1BB4ED1A261E270027EB56 /* Build configuration list for PBXProject "CustomTransitions" */;
			compatibilityVersion = "Xcode 3.2";
			developmentRegion = English;
			hasScannedForEncodings = 0;
			knownRegions = (
				en,
				Base,
			);
			mainGroup = 3D1BB4E91A261E270027EB56;
			productRefGroup = 3D1BB4F31A261E270027EB56 /* Products */;
			projectDirPath = "";
			projectRoot = "";
			targets = (
				3D1BB4F11A261E270027EB56 /* CustomTransitions */,
			);
		};
/* End PBXProject section */

/* Begin PBXResourcesBuildPhase section */
		3D1BB4F01A261E270027EB56 /* Resources */ = {
			isa = PBXResourcesBuildPhase;
			buildActionMask = 2147483647;
			files = (
				3D1BB4FD1A261E270027EB56 /* Main.storyboard in Resources */,
				3D1BB5021A261E270027EB56 /* LaunchScreen.xib in Resources */,
				3D1BB4FF1A261E270027EB56 /* Images.xcassets in Resources */,
			);
			runOnlyForDeploymentPostprocessing = 0;
		};
/* End PBXResourcesBuildPhase section */

/* Begin PBXSourcesBuildPhase section */
		3D1BB4EE1A261E270027EB56 /* Sources */ = {
			isa = PBXSourcesBuildPhase;
			buildActionMask = 2147483647;
			files = (
				3D1BB51E1A2639BE0027EB56 /* UIImage+ImageEffects.m in Sources */,
				3D209B3C1A26429600AFFE29 /* ViewController2.swift in Sources */,
				3D6ECCFC1A263DA700C9383F /* ZoomOutSegue.swift in Sources */,
				3D1BB5211A2639C80027EB56 /* ZoomInSegue.swift in Sources */,
				3D1BB5261A263A060027EB56 /* Double+DispatchTime.swift in Sources */,
				3DADCFF21A2CD609001DE90C /* UIColor+Utils.swift in Sources */,
				3D1BB4FA1A261E270027EB56 /* ViewController.swift in Sources */,
				3D07F1DA1A265FE300FFBD06 /* CircleMaskSegue.swift in Sources */,
				3D67DE001A264138000D51BE /* ViewController3.swift in Sources */,
				3D1BB4F81A261E270027EB56 /* AppDelegate.swift in Sources */,
			);
			runOnlyForDeploymentPostprocessing = 0;
		};
/* End PBXSourcesBuildPhase section */

/* Begin PBXVariantGroup section */
		3D1BB4FB1A261E270027EB56 /* Main.storyboard */ = {
			isa = PBXVariantGroup;
			children = (
				3D1BB4FC1A261E270027EB56 /* Base */,
			);
			name = Main.storyboard;
			sourceTree = "<group>";
		};
		3D1BB5001A261E270027EB56 /* LaunchScreen.xib */ = {
			isa = PBXVariantGroup;
			children = (
				3D1BB5011A261E270027EB56 /* Base */,
			);
			name = LaunchScreen.xib;
			sourceTree = "<group>";
		};
/* End PBXVariantGroup section */

/* Begin XCBuildConfiguration section */
		3D1BB50F1A261E270027EB56 /* Debug */ = {
			isa = XCBuildConfiguration;
			buildSettings = {
				ALWAYS_SEARCH_USER_PATHS = NO;
				CLANG_CXX_LANGUAGE_STANDARD = "gnu++0x";
				CLANG_CXX_LIBRARY = "libc++";
				CLANG_ENABLE_MODULES = YES;
				CLANG_ENABLE_OBJC_ARC = YES;
				CLANG_WARN_BOOL_CONVERSION = YES;
				CLANG_WARN_CONSTANT_CONVERSION = YES;
				CLANG_WARN_DIRECT_OBJC_ISA_USAGE = YES_ERROR;
				CLANG_WARN_EMPTY_BODY = YES;
				CLANG_WARN_ENUM_CONVERSION = YES;
				CLANG_WARN_INT_CONVERSION = YES;
				CLANG_WARN_OBJC_ROOT_CLASS = YES_ERROR;
				CLANG_WARN_UNREACHABLE_CODE = YES;
				CLANG_WARN__DUPLICATE_METHOD_MATCH = YES;
				"CODE_SIGN_IDENTITY[sdk=iphoneos*]" = "iPhone Developer";
				COPY_PHASE_STRIP = NO;
				ENABLE_STRICT_OBJC_MSGSEND = YES;
				GCC_C_LANGUAGE_STANDARD = gnu99;
				GCC_DYNAMIC_NO_PIC = NO;
				GCC_OPTIMIZATION_LEVEL = 0;
				GCC_PREPROCESSOR_DEFINITIONS = (
					"DEBUG=1",
					"$(inherited)",
				);
				GCC_SYMBOLS_PRIVATE_EXTERN = NO;
				GCC_WARN_64_TO_32_BIT_CONVERSION = YES;
				GCC_WARN_ABOUT_RETURN_TYPE = YES_ERROR;
				GCC_WARN_UNDECLARED_SELECTOR = YES;
				GCC_WARN_UNINITIALIZED_AUTOS = YES_AGGRESSIVE;
				GCC_WARN_UNUSED_FUNCTION = YES;
				GCC_WARN_UNUSED_VARIABLE = YES;
				IPHONEOS_DEPLOYMENT_TARGET = 8.1;
				MTL_ENABLE_DEBUG_INFO = YES;
				ONLY_ACTIVE_ARCH = YES;
				SDKROOT = iphoneos;
				SWIFT_OPTIMIZATION_LEVEL = "-Onone";
			};
			name = Debug;
		};
		3D1BB5101A261E270027EB56 /* Release */ = {
			isa = XCBuildConfiguration;
			buildSettings = {
				ALWAYS_SEARCH_USER_PATHS = NO;
				CLANG_CXX_LANGUAGE_STANDARD = "gnu++0x";
				CLANG_CXX_LIBRARY = "libc++";
				CLANG_ENABLE_MODULES = YES;
				CLANG_ENABLE_OBJC_ARC = YES;
				CLANG_WARN_BOOL_CONVERSION = YES;
				CLANG_WARN_CONSTANT_CONVERSION = YES;
				CLANG_WARN_DIRECT_OBJC_ISA_USAGE = YES_ERROR;
				CLANG_WARN_EMPTY_BODY = YES;
				CLANG_WARN_ENUM_CONVERSION = YES;
				CLANG_WARN_INT_CONVERSION = YES;
				CLANG_WARN_OBJC_ROOT_CLASS = YES_ERROR;
				CLANG_WARN_UNREACHABLE_CODE = YES;
				CLANG_WARN__DUPLICATE_METHOD_MATCH = YES;
				"CODE_SIGN_IDENTITY[sdk=iphoneos*]" = "iPhone Developer";
				COPY_PHASE_STRIP = YES;
				ENABLE_NS_ASSERTIONS = NO;
				ENABLE_STRICT_OBJC_MSGSEND = YES;
				GCC_C_LANGUAGE_STANDARD = gnu99;
				GCC_WARN_64_TO_32_BIT_CONVERSION = YES;
				GCC_WARN_ABOUT_RETURN_TYPE = YES_ERROR;
				GCC_WARN_UNDECLARED_SELECTOR = YES;
				GCC_WARN_UNINITIALIZED_AUTOS = YES_AGGRESSIVE;
				GCC_WARN_UNUSED_FUNCTION = YES;
				GCC_WARN_UNUSED_VARIABLE = YES;
				IPHONEOS_DEPLOYMENT_TARGET = 8.1;
				MTL_ENABLE_DEBUG_INFO = NO;
				SDKROOT = iphoneos;
				VALIDATE_PRODUCT = YES;
			};
			name = Release;
		};
		3D1BB5121A261E270027EB56 /* Debug */ = {
			isa = XCBuildConfiguration;
			buildSettings = {
				ASSETCATALOG_COMPILER_APPICON_NAME = AppIcon;
				INFOPLIST_FILE = CustomTransitions/Info.plist;
				LD_RUNPATH_SEARCH_PATHS = "$(inherited) @executable_path/Frameworks";
				PRODUCT_NAME = "$(TARGET_NAME)";
				SWIFT_OBJC_BRIDGING_HEADER = "$(PRODUCT_NAME)/CustomTransitions-Bridging-Header.h";
			};
			name = Debug;
		};
		3D1BB5131A261E270027EB56 /* Release */ = {
			isa = XCBuildConfiguration;
			buildSettings = {
				ASSETCATALOG_COMPILER_APPICON_NAME = AppIcon;
				INFOPLIST_FILE = CustomTransitions/Info.plist;
				LD_RUNPATH_SEARCH_PATHS = "$(inherited) @executable_path/Frameworks";
				PRODUCT_NAME = "$(TARGET_NAME)";
				SWIFT_OBJC_BRIDGING_HEADER = "$(PRODUCT_NAME)/CustomTransitions-Bridging-Header.h";
			};
			name = Release;
		};
/* End XCBuildConfiguration section */

/* Begin XCConfigurationList section */
		3D1BB4ED1A261E270027EB56 /* Build configuration list for PBXProject "CustomTransitions" */ = {
			isa = XCConfigurationList;
			buildConfigurations = (
				3D1BB50F1A261E270027EB56 /* Debug */,
				3D1BB5101A261E270027EB56 /* Release */,
			);
			defaultConfigurationIsVisible = 0;
			defaultConfigurationName = Release;
		};
		3D1BB5111A261E270027EB56 /* Build configuration list for PBXNativeTarget "CustomTransitions" */ = {
			isa = XCConfigurationList;
			buildConfigurations = (
				3D1BB5121A261E270027EB56 /* Debug */,
				3D1BB5131A261E270027EB56 /* Release */,
			);
			defaultConfigurationIsVisible = 0;
			defaultConfigurationName = Release;
		};
/* End XCConfigurationList section */
	};
	rootObject = 3D1BB4EA1A261E270027EB56 /* Project object */;
}
